
Microsoft Visual Studio Solution File, Format Version 12.00
# Visual Studio 15
VisualStudioVersion = 15.0.28307.329
MinimumVisualStudioVersion = 10.0.40219.1
Project("{FAE04EC0-301F-11D3-BF4B-00C04F79EFBC}") = "compto-sharp", "compto-sharp\compto-sharp.csproj", "{FC3F9B58-37BF-407E-BD72-9940B96A91B1}"
EndProject
Project("{FAE04EC0-301F-11D3-BF4B-00C04F79EFBC}") = "complib-sharp", "complib-sharp\complib-sharp.csproj", "{CAD998FE-E59C-403B-AE88-E1BF57EF983D}"
EndProject
Project("{FAE04EC0-301F-11D3-BF4B-00C04F79EFBC}") = "compto-hyoutatools", "compto-hyoutatools\compto-hyoutatools.csproj", "{8373E6C8-CBF7-41B4-8B84-E8E60935270B}"
EndProject
Project("{FAE04EC0-301F-11D3-BF4B-00C04F79EFBC}") = "HyoutaPluginBase", "HyoutaUtils\HyoutaPluginBase\HyoutaPluginBase.csproj", "{6E153CE7-05B9-4EBA-8DE8-AD842214F60B}"
EndProject
Project("{FAE04EC0-301F-11D3-BF4B-00C04F79EFBC}") = "HyoutaUtils", "HyoutaUtils\HyoutaUtils\HyoutaUtils.csproj", "{771553C8-0C50-411F-AB7F-E47553C81587}"
EndProject
Global
	GlobalSection(SolutionConfigurationPlatforms) = preSolution
		Debug|Any CPU = Debug|Any CPU
		Release|Any CPU = Release|Any CPU
	EndGlobalSection
	GlobalSection(ProjectConfigurationPlatforms) = postSolution
		{FC3F9B58-37BF-407E-BD72-9940B96A91B1}.Debug|Any CPU.ActiveCfg = Debug|Any CPU
		{FC3F9B58-37BF-407E-BD72-9940B96A91B1}.Debug|Any CPU.Build.0 = Debug|Any CPU
		{FC3F9B58-37BF-407E-BD72-9940B96A91B1}.Release|Any CPU.ActiveCfg = Release|Any CPU
		{FC3F9B58-37BF-407E-BD72-9940B96A91B1}.Release|Any CPU.Build.0 = Release|Any CPU
		{CAD998FE-E59C-403B-AE88-E1BF57EF983D}.Debug|Any CPU.ActiveCfg = Debug|Any CPU
		{CAD998FE-E59C-403B-AE88-E1BF57EF983D}.Debug|Any CPU.Build.0 = Debug|Any CPU
		{CAD998FE-E59C-403B-AE88-E1BF57EF983D}.Release|Any CPU.ActiveCfg = Release|Any CPU
		{CAD998FE-E59C-403B-AE88-E1BF57EF983D}.Release|Any CPU.Build.0 = Release|Any CPU
		{8373E6C8-CBF7-41B4-8B84-E8E60935270B}.Debug|Any CPU.ActiveCfg = Debug|Any CPU
		{8373E6C8-CBF7-41B4-8B84-E8E60935270B}.Debug|Any CPU.Build.0 = Debug|Any CPU
		{8373E6C8-CBF7-41B4-8B84-E8E60935270B}.Release|Any CPU.ActiveCfg = Release|Any CPU
		{8373E6C8-CBF7-41B4-8B84-E8E60935270B}.Release|Any CPU.Build.0 = Release|Any CPU
		{6E153CE7-05B9-4EBA-8DE8-AD842214F60B}.Debug|Any CPU.ActiveCfg = Debug|Any CPU
		{6E153CE7-05B9-4EBA-8DE8-AD842214F60B}.Debug|Any CPU.Build.0 = Debug|Any CPU
		{6E153CE7-05B9-4EBA-8DE8-AD842214F60B}.Release|Any CPU.ActiveCfg = Release|Any CPU
		{6E153CE7-05B9-4EBA-8DE8-AD842214F60B}.Release|Any CPU.Build.0 = Release|Any CPU
		{771553C8-0C50-411F-AB7F-E47553C81587}.Debug|Any CPU.ActiveCfg = Debug|Any CPU
		{771553C8-0C50-411F-AB7F-E47553C81587}.Debug|Any CPU.Build.0 = Debug|Any CPU
		{771553C8-0C50-411F-AB7F-E47553C81587}.Release|Any CPU.ActiveCfg = Release|Any CPU
		{771553C8-0C50-411F-AB7F-E47553C81587}.Release|Any CPU.Build.0 = Release|Any CPU
	EndGlobalSection
	GlobalSection(SolutionProperties) = preSolution
		HideSolutionNode = FALSE
	EndGlobalSection
	GlobalSection(ExtensibilityGlobals) = postSolution
		SolutionGuid = {F7B03655-48F3-4D3D-85A1-AFFEFC76975A}
	EndGlobalSection
EndGlobal
